// !$*UTF8*$!
{
	archiveVersion = 1;
	classes = {
	};
	objectVersion = 46;
	objects = {

/* Begin PBXBuildFile section */
		4BD802BE1D79BF4B003550B2 /* main.m in Sources */ = {isa = PBXBuildFile; fileRef = 4BD802BD1D79BF4B003550B2 /* main.m */; };
		4BD802C11D79BF4B003550B2 /* AppDelegate.m in Sources */ = {isa = PBXBuildFile; fileRef = 4BD802C01D79BF4B003550B2 /* AppDelegate.m */; };
		4BD802C41D79BF4B003550B2 /* TransactionsViewController.m in Sources */ = {isa = PBXBuildFile; fileRef = 4BD802C31D79BF4B003550B2 /* TransactionsViewController.m */; };
		4BD802C71D79BF4B003550B2 /* Main.storyboard in Resources */ = {isa = PBXBuildFile; fileRef = 4BD802C51D79BF4B003550B2 /* Main.storyboard */; };
		4BD802C91D79BF4B003550B2 /* Assets.xcassets in Resources */ = {isa = PBXBuildFile; fileRef = 4BD802C81D79BF4B003550B2 /* Assets.xcassets */; };
		4BD802CC1D79BF4B003550B2 /* LaunchScreen.storyboard in Resources */ = {isa = PBXBuildFile; fileRef = 4BD802CA1D79BF4B003550B2 /* LaunchScreen.storyboard */; };
		4BD802D51D79F020003550B2 /* StickyHeaderFlowLayout.swift in Sources */ = {isa = PBXBuildFile; fileRef = 4BD802D41D79F020003550B2 /* StickyHeaderFlowLayout.swift */; };
/* End PBXBuildFile section */

/* Begin PBXFileReference section */
		4BD802B91D79BF4B003550B2 /* TestPushDown.app */ = {isa = PBXFileReference; explicitFileType = wrapper.application; includeInIndex = 0; path = TestPushDown.app; sourceTree = BUILT_PRODUCTS_DIR; };
		4BD802BD1D79BF4B003550B2 /* main.m */ = {isa = PBXFileReference; lastKnownFileType = sourcecode.c.objc; path = main.m; sourceTree = "<group>"; };
		4BD802BF1D79BF4B003550B2 /* AppDelegate.h */ = {isa = PBXFileReference; lastKnownFileType = sourcecode.c.h; path = AppDelegate.h; sourceTree = "<group>"; };
		4BD802C01D79BF4B003550B2 /* AppDelegate.m */ = {isa = PBXFileReference; lastKnownFileType = sourcecode.c.objc; path = AppDelegate.m; sourceTree = "<group>"; };
		4BD802C21D79BF4B003550B2 /* TransactionsViewController.h */ = {isa = PBXFileReference; lastKnownFileType = sourcecode.c.h; path = TransactionsViewController.h; sourceTree = "<group>"; };
		4BD802C31D79BF4B003550B2 /* TransactionsViewController.m */ = {isa = PBXFileReference; lastKnownFileType = sourcecode.c.objc; path = TransactionsViewController.m; sourceTree = "<group>"; };
		4BD802C61D79BF4B003550B2 /* Base */ = {isa = PBXFileReference; lastKnownFileType = file.storyboard; name = Base; path = Base.lproj/Main.storyboard; sourceTree = "<group>"; };
		4BD802C81D79BF4B003550B2 /* Assets.xcassets */ = {isa = PBXFileReference; lastKnownFileType = folder.assetcatalog; path = Assets.xcassets; sourceTree = "<group>"; };
		4BD802CB1D79BF4B003550B2 /* Base */ = {isa = PBXFileReference; lastKnownFileType = file.storyboard; name = Base; path = Base.lproj/LaunchScreen.storyboard; sourceTree = "<group>"; };
		4BD802CD1D79BF4B003550B2 /* Info.plist */ = {isa = PBXFileReference; lastKnownFileType = text.plist.xml; path = Info.plist; sourceTree = "<group>"; };
		4BD802D31D79F01F003550B2 /* TestPushDown-Bridging-Header.h */ = {isa = PBXFileReference; lastKnownFileType = sourcecode.c.h; path = "TestPushDown-Bridging-Header.h"; sourceTree = "<group>"; };
		4BD802D41D79F020003550B2 /* StickyHeaderFlowLayout.swift */ = {isa = PBXFileReference; fileEncoding = 4; lastKnownFileType = sourcecode.swift; path = StickyHeaderFlowLayout.swift; sourceTree = "<group>"; };
/* End PBXFileReference section */

/* Begin PBXFrameworksBuildPhase section */
		4BD802B61D79BF4B003550B2 /* Frameworks */ = {
			isa = PBXFrameworksBuildPhase;
			buildActionMask = 2147483647;
			files = (
			);
			runOnlyForDeploymentPostprocessing = 0;
		};
/* End PBXFrameworksBuildPhase section */

/* Begin PBXGroup section */
		4BD802B01D79BF4B003550B2 = {
			isa = PBXGroup;
			children = (
				4BD802BB1D79BF4B003550B2 /* TestPushDown */,
				4BD802BA1D79BF4B003550B2 /* Products */,
			);
			sourceTree = "<group>";
		};
		4BD802BA1D79BF4B003550B2 /* Products */ = {
			isa = PBXGroup;
			children = (
				4BD802B91D79BF4B003550B2 /* TestPushDown.app */,
			);
			name = Products;
			sourceTree = "<group>";
		};
		4BD802BB1D79BF4B003550B2 /* TestPushDown */ = {
			isa = PBXGroup;
			children = (
				4BD802BF1D79BF4B003550B2 /* AppDelegate.h */,
				4BD802C01D79BF4B003550B2 /* AppDelegate.m */,
				4BD802C21D79BF4B003550B2 /* TransactionsViewController.h */,
				4BD802C31D79BF4B003550B2 /* TransactionsViewController.m */,
				4BD802C51D79BF4B003550B2 /* Main.storyboard */,
				4BD802D41D79F020003550B2 /* StickyHeaderFlowLayout.swift */,
				4BD802C81D79BF4B003550B2 /* Assets.xcassets */,
				4BD802CA1D79BF4B003550B2 /* LaunchScreen.storyboard */,
				4BD802CD1D79BF4B003550B2 /* Info.plist */,
				4BD802BC1D79BF4B003550B2 /* Supporting Files */,
				4BD802D31D79F01F003550B2 /* TestPushDown-Bridging-Header.h */,
			);
			path = TestPushDown;
			sourceTree = "<group>";
		};
		4BD802BC1D79BF4B003550B2 /* Supporting Files */ = {
			isa = PBXGroup;
			children = (
				4BD802BD1D79BF4B003550B2 /* main.m */,
			);
			name = "Supporting Files";
			sourceTree = "<group>";
		};
/* End PBXGroup section */

/* Begin PBXNativeTarget section */
		4BD802B81D79BF4B003550B2 /* TestPushDown */ = {
			isa = PBXNativeTarget;
			buildConfigurationList = 4BD802D01D79BF4B003550B2 /* Build configuration list for PBXNativeTarget "TestPushDown" */;
			buildPhases = (
				4BD802B51D79BF4B003550B2 /* Sources */,
				4BD802B61D79BF4B003550B2 /* Frameworks */,
				4BD802B71D79BF4B003550B2 /* Resources */,
			);
			buildRules = (
			);
			dependencies = (
			);
			name = TestPushDown;
			productName = TestPushDown;
			productReference = 4BD802B91D79BF4B003550B2 /* TestPushDown.app */;
			productType = "com.apple.product-type.application";
		};
/* End PBXNativeTarget section */

/* Begin PBXProject section */
		4BD802B11D79BF4B003550B2 /* Project object */ = {
			isa = PBXProject;
			attributes = {
				LastUpgradeCheck = 0730;
				ORGANIZATIONNAME = "Jindal Joshi";
				TargetAttributes = {
					4BD802B81D79BF4B003550B2 = {
						CreatedOnToolsVersion = 7.3.1;
						DevelopmentTeam = 83WWQUVA7C;
					};
				};
			};
			buildConfigurationList = 4BD802B41D79BF4B003550B2 /* Build configuration list for PBXProject "TestPushDown" */;
			compatibilityVersion = "Xcode 3.2";
			developmentRegion = English;
			hasScannedForEncodings = 0;
			knownRegions = (
				en,
				Base,
			);
			mainGroup = 4BD802B01D79BF4B003550B2;
			productRefGroup = 4BD802BA1D79BF4B003550B2 /* Products */;
			projectDirPath = "";
			projectRoot = "";
			targets = (
				4BD802B81D79BF4B003550B2 /* TestPushDown */,
			);
		};
/* End PBXProject section */

/* Begin PBXResourcesBuildPhase section */
		4BD802B71D79BF4B003550B2 /* Resources */ = {
			isa = PBXResourcesBuildPhase;
			buildActionMask = 2147483647;
			files = (
				4BD802CC1D79BF4B003550B2 /* LaunchScreen.storyboard in Resources */,
				4BD802C91D79BF4B003550B2 /* Assets.xcassets in Resources */,
				4BD802C71D79BF4B003550B2 /* Main.storyboard in Resources */,
			);
			runOnlyForDeploymentPostprocessing = 0;
		};
/* End PBXResourcesBuildPhase section */

/* Begin PBXSourcesBuildPhase section */
		4BD802B51D79BF4B003550B2 /* Sources */ = {
			isa = PBXSourcesBuildPhase;
			buildActionMask = 2147483647;
			files = (
				4BD802C41D79BF4B003550B2 /* TransactionsViewController.m in Sources */,
				4BD802D51D79F020003550B2 /* StickyHeaderFlowLayout.swift in Sources */,
				4BD802C11D79BF4B003550B2 /* AppDelegate.m in Sources */,
				4BD802BE1D79BF4B003550B2 /* main.m in Sources */,
			);
			runOnlyForDeploymentPostprocessing = 0;
		};
/* End PBXSourcesBuildPhase section */

/* Begin PBXVariantGroup section */
		4BD802C51D79BF4B003550B2 /* Main.storyboard */ = {
			isa = PBXVariantGroup;
			children = (
				4BD802C61D79BF4B003550B2 /* Base */,
			);
			name = Main.storyboard;
			sourceTree = "<group>";
		};
		4BD802CA1D79BF4B003550B2 /* LaunchScreen.storyboard */ = {
			isa = PBXVariantGroup;
			children = (
				4BD802CB1D79BF4B003550B2 /* Base */,
			);
			name = LaunchScreen.storyboard;
			sourceTree = "<group>";
		};
/* End PBXVariantGroup section */

/* Begin XCBuildConfiguration section */
		4BD802CE1D79BF4B003550B2 /* Debug */ = {
			isa = XCBuildConfiguration;
			buildSettings = {
				ALWAYS_SEARCH_USER_PATHS = NO;
				CLANG_ANALYZER_NONNULL = YES;
				CLANG_CXX_LANGUAGE_STANDARD = "gnu++0x";
				CLANG_CXX_LIBRARY = "libc++";
				CLANG_ENABLE_MODULES = YES;
				CLANG_ENABLE_OBJC_ARC = YES;
				CLANG_WARN_BOOL_CONVERSION = YES;
				CLANG_WARN_CONSTANT_CONVERSION = YES;
				CLANG_WARN_DIRECT_OBJC_ISA_USAGE = YES_ERROR;
				CLANG_WARN_EMPTY_BODY = YES;
				CLANG_WARN_ENUM_CONVERSION = YES;
				CLANG_WARN_INT_CONVERSION = YES;
				CLANG_WARN_OBJC_ROOT_CLASS = YES_ERROR;
				CLANG_WARN_UNREACHABLE_CODE = YES;
				CLANG_WARN__DUPLICATE_METHOD_MATCH = YES;
				"CODE_SIGN_IDENTITY[sdk=iphoneos*]" = "iPhone Developer";
				COPY_PHASE_STRIP = NO;
				DEBUG_INFORMATION_FORMAT = dwarf;
				ENABLE_STRICT_OBJC_MSGSEND = YES;
				ENABLE_TESTABILITY = YES;
				GCC_C_LANGUAGE_STANDARD = gnu99;
				GCC_DYNAMIC_NO_PIC = NO;
				GCC_NO_COMMON_BLOCKS = YES;
				GCC_OPTIMIZATION_LEVEL = 0;
				GCC_PREPROCESSOR_DEFINITIONS = (
					"DEBUG=1",
					"$(inherited)",
				);
				GCC_WARN_64_TO_32_BIT_CONVERSION = YES;
				GCC_WARN_ABOUT_RETURN_TYPE = YES_ERROR;
				GCC_WARN_UNDECLARED_SELECTOR = YES;
				GCC_WARN_UNINITIALIZED_AUTOS = YES_AGGRESSIVE;
				GCC_WARN_UNUSED_FUNCTION = YES;
				GCC_WARN_UNUSED_VARIABLE = YES;
				IPHONEOS_DEPLOYMENT_TARGET = 9.3;
				MTL_ENABLE_DEBUG_INFO = YES;
				ONLY_ACTIVE_ARCH = YES;
				SDKROOT = iphoneos;
			};
			name = Debug;
		};
		4BD802CF1D79BF4B003550B2 /* Release */ = {
			isa = XCBuildConfiguration;
			buildSettings = {
				ALWAYS_SEARCH_USER_PATHS = NO;
				CLANG_ANALYZER_NONNULL = YES;
				CLANG_CXX_LANGUAGE_STANDARD = "gnu++0x";
				CLANG_CXX_LIBRARY = "libc++";
				CLANG_ENABLE_MODULES = YES;
				CLANG_ENABLE_OBJC_ARC = YES;
				CLANG_WARN_BOOL_CONVERSION = YES;
				CLANG_WARN_CONSTANT_CONVERSION = YES;
				CLANG_WARN_DIRECT_OBJC_ISA_USAGE = YES_ERROR;
				CLANG_WARN_EMPTY_BODY = YES;
				CLANG_WARN_ENUM_CONVERSION = YES;
				CLANG_WARN_INT_CONVERSION = YES;
				CLANG_WARN_OBJC_ROOT_CLASS = YES_ERROR;
				CLANG_WARN_UNREACHABLE_CODE = YES;
				CLANG_WARN__DUPLICATE_METHOD_MATCH = YES;
				"CODE_SIGN_IDENTITY[sdk=iphoneos*]" = "iPhone Developer";
				COPY_PHASE_STRIP = NO;
				DEBUG_INFORMATION_FORMAT = "dwarf-with-dsym";
				ENABLE_NS_ASSERTIONS = NO;
				ENABLE_STRICT_OBJC_MSGSEND = YES;
				GCC_C_LANGUAGE_STANDARD = gnu99;
				GCC_NO_COMMON_BLOCKS = YES;
				GCC_WARN_64_TO_32_BIT_CONVERSION = YES;
				GCC_WARN_ABOUT_RETURN_TYPE = YES_ERROR;
				GCC_WARN_UNDECLARED_SELECTOR = YES;
				GCC_WARN_UNINITIALIZED_AUTOS = YES_AGGRESSIVE;
				GCC_WARN_UNUSED_FUNCTION = YES;
				GCC_WARN_UNUSED_VARIABLE = YES;
				IPHONEOS_DEPLOYMENT_TARGET = 9.3;
				MTL_ENABLE_DEBUG_INFO = NO;
				SDKROOT = iphoneos;
				VALIDATE_PRODUCT = YES;
			};
			name = Release;
		};
		4BD802D11D79BF4B003550B2 /* Debug */ = {
			isa = XCBuildConfiguration;
			buildSettings = {
				ASSETCATALOG_COMPILER_APPICON_NAME = AppIcon;
				CLANG_ENABLE_MODULES = YES;
				CODE_SIGN_IDENTITY = "iPhone Distribution: SEI Global Services, Inc.";
				"CODE_SIGN_IDENTITY[sdk=iphoneos*]" = "iPhone Distribution: SEI Global Services, Inc.";
				INFOPLIST_FILE = TestPushDown/Info.plist;
				LD_RUNPATH_SEARCH_PATHS = "$(inherited) @executable_path/Frameworks";
				PRODUCT_BUNDLE_IDENTIFIER = com.seic.testid;
				PRODUCT_NAME = "$(TARGET_NAME)";
				PROVISIONING_PROFILE = "8497bce0-ba22-47e1-8b4e-b5ba35d6063c";
				SWIFT_OBJC_BRIDGING_HEADER = "TestPushDown/TestPushDown-Bridging-Header.h";
				SWIFT_OPTIMIZATION_LEVEL = "-Onone";
			};
			name = Debug;
		};
		4BD802D21D79BF4B003550B2 /* Release */ = {
			isa = XCBuildConfiguration;
			buildSettings = {
				ASSETCATALOG_COMPILER_APPICON_NAME = AppIcon;
				CLANG_ENABLE_MODULES = YES;
				CODE_SIGN_IDENTITY = "iPhone Distribution: SEI Global Services, Inc.";
				"CODE_SIGN_IDENTITY[sdk=iphoneos*]" = "iPhone Distribution: SEI Global Services, Inc.";
				INFOPLIST_FILE = TestPushDown/Info.plist;
				LD_RUNPATH_SEARCH_PATHS = "$(inherited) @executable_path/Frameworks";
				PRODUCT_BUNDLE_IDENTIFIER = com.seic.testid;
				PRODUCT_NAME = "$(TARGET_NAME)";
				PROVISIONING_PROFILE = "8497bce0-ba22-47e1-8b4e-b5ba35d6063c";
				SWIFT_OBJC_BRIDGING_HEADER = "TestPushDown/TestPushDown-Bridging-Header.h";
			};
			name = Release;
		};
/* End XCBuildConfiguration section */

/* Begin XCConfigurationList section */
		4BD802B41D79BF4B003550B2 /* Build configuration list for PBXProject "TestPushDown" */ = {
			isa = XCConfigurationList;
			buildConfigurations = (
				4BD802CE1D79BF4B003550B2 /* Debug */,
				4BD802CF1D79BF4B003550B2 /* Release */,
			);
			defaultConfigurationIsVisible = 0;
			defaultConfigurationName = Release;
		};
		4BD802D01D79BF4B003550B2 /* Build configuration list for PBXNativeTarget "TestPushDown" */ = {
			isa = XCConfigurationList;
			buildConfigurations = (
				4BD802D11D79BF4B003550B2 /* Debug */,
				4BD802D21D79BF4B003550B2 /* Release */,
			);
			defaultConfigurationIsVisible = 0;
			defaultConfigurationName = Release;
		};
/* End XCConfigurationList section */
	};
	rootObject = 4BD802B11D79BF4B003550B2 /* Project object */;
}
